# THIS IS AN AUTOGENERATED FILE. DO NOT EDIT THIS FILE DIRECTLY.
# yarn lockfile v1


"@types/node@*":
  version "17.0.42"
  resolved "https://registry.yarnpkg.com/@types/node/-/node-17.0.42.tgz#d7e8f22700efc94d125103075c074396b5f41f9b"
  integrity sha512-Q5BPGyGKcvQgAMbsr7qEGN/kIPN6zZecYYABeTDBizOsau+2NMdSVTar9UQw21A2+JyA2KRNDYaYrPB0Rpk2oQ==

"@types/semantic-release@^17.2.2":
  version "17.2.3"
  resolved "https://registry.yarnpkg.com/@types/semantic-release/-/semantic-release-17.2.3.tgz#f5b09ab68e09d1949e9012a5191fe938a25b54c4"
  integrity sha512-iSqx8cZbDRQSCi/VR1LtmUV4OFiDZVAvfpVdVeq3rPveXYU+xb3bzmVphXSw7wkFgE7LwAoaoE96RV4nkL0Rvg==
  dependencies:
    "@types/node" "*"

axios@^0.21.4:
  version "0.21.4"
  resolved "https://registry.yarnpkg.com/axios/-/axios-0.21.4.tgz#c67b90dc0568e5c1cf2b0b858c43ba28e2eda575"
  integrity sha512-ut5vewkiu8jjGBdqpM44XxjuCjq9LAKeHVmoVfHVzy8eHgxxq8SbAVQNovDA8mVi05kP0Ea/n/UzcSHcTJQfNg==
  dependencies:
    follow-redirects "^1.14.0"

follow-redirects@^1.14.0:
  version "1.15.1"
  resolved "https://registry.yarnpkg.com/follow-redirects/-/follow-redirects-1.15.1.tgz#0ca6a452306c9b276e4d3127483e29575e207ad5"
  integrity sha512-yLAMQs+k0b2m7cVxpS1VKJVvoz7SS9Td1zss3XRwXj+ZDH00RJgnuLx7E44wx02kQLrdM3aOOy+FpzS7+8OizA==

typescript@^4.4.3:
  version "4.7.3"
  resolved "https://registry.yarnpkg.com/typescript/-/typescript-4.7.3.tgz#8364b502d5257b540f9de4c40be84c98e23a129d"
  integrity sha512-WOkT3XYvrpXx4vMMqlD+8R8R37fZkjyLGlxavMc4iB8lrl8L0DeTcHbYgw/v0N/z9wAFsgBhcsF0ruoySS22mA==
